<?xml version="1.0" encoding="utf-8"?>
<Project ToolsVersion="4.0" xmlns="http://schemas.microsoft.com/developer/msbuild/2003">
  <ItemGroup>
    <Filter Include="源文件">
      <UniqueIdentifier>{4FC737F1-C7A5-4376-A066-2A32D752A2FF}</UniqueIdentifier>
      <Extensions>cpp;c;cc;cxx;def;odl;idl;hpj;bat;asm;asmx</Extensions>
    </Filter>
    <Filter Include="头文件">
      <UniqueIdentifier>{93995380-89BD-4b04-88EB-625FBE52EBFB}</UniqueIdentifier>
      <Extensions>h;hh;hpp;hxx;hm;inl;inc;ipp;xsd</Extensions>
    </Filter>
    <Filter Include="源文件\构造函数">
      <UniqueIdentifier>{f95b4abb-2222-4c59-8246-fa5aa50f0a10}</UniqueIdentifier>
    </Filter>
    <Filter Include="源文件\算法">
      <UniqueIdentifier>{ad29ccd0-6618-43cb-a037-d345a82a7a10}</UniqueIdentifier>
    </Filter>
    <Filter Include="资源文件">
      <UniqueIdentifier>{67DA6AB6-F800-4c08-8B7A-83BB121AAD01}</UniqueIdentifier>
      <Extensions>rc;ico;cur;bmp;dlg;rc2;rct;bin;rgs;gif;jpg;jpeg;jpe;resx;tiff;tif;png;wav;mfcribbon-ms</Extensions>
    </Filter>
    <Filter Include="源文件\面向对象模型">
      <UniqueIdentifier>{32cbbf55-e3bb-4c65-800c-ce05f4bddeed}</UniqueIdentifier>
    </Filter>
    <Filter Include="头文件\练习">
      <UniqueIdentifier>{70788dd5-97c0-43ea-8320-fdb64edb24ae}</UniqueIdentifier>
    </Filter>
    <Filter Include="源文件\练习">
      <UniqueIdentifier>{376e0a4e-ffcf-4386-bfc5-08e56d43a1ca}</UniqueIdentifier>
    </Filter>
    <Filter Include="源文件\运算符重载">
      <UniqueIdentifier>{d913861e-9c76-4e55-829b-6fb13cf205d4}</UniqueIdentifier>
    </Filter>
    <Filter Include="源文件\继承">
      <UniqueIdentifier>{3995da3f-3b50-4514-9f27-be4aee13d6e6}</UniqueIdentifier>
    </Filter>
    <Filter Include="源文件\多态">
      <UniqueIdentifier>{1541147c-359c-41a5-91c9-371babd7dd09}</UniqueIdentifier>
    </Filter>
    <Filter Include="源文件\c接口多态">
      <UniqueIdentifier>{a6b8ecad-4dc9-430c-a813-720c74cba11b}</UniqueIdentifier>
    </Filter>
  </ItemGroup>
  <ItemGroup>
    <ClCompile Include="0-构造函数.cpp">
      <Filter>源文件\构造函数</Filter>
    </ClCompile>
    <ClCompile Include="1-拷贝构造函数.cpp">
      <Filter>源文件\构造函数</Filter>
    </ClCompile>
    <ClCompile Include="permgen.cpp">
      <Filter>源文件\算法</Filter>
    </ClCompile>
    <ClCompile Include="2-深浅拷贝.cpp">
      <Filter>源文件\构造函数</Filter>
    </ClCompile>
    <ClCompile Include="3-对象初始化列表.cpp">
      <Filter>源文件\构造函数</Filter>
    </ClCompile>
    <ClCompile Include="4-deletenew用法.cpp">
      <Filter>源文件\构造函数</Filter>
    </ClCompile>
    <ClCompile Include="5-静态成员变量.cpp">
      <Filter>源文件\构造函数</Filter>
    </ClCompile>
    <ClCompile Include="6-公有静态数据成员.cpp">
      <Filter>源文件\构造函数</Filter>
    </ClCompile>
    <ClCompile Include="7-静态成员函数.cpp">
      <Filter>源文件\构造函数</Filter>
    </ClCompile>
    <ClCompile Include="0-基础知识.cpp">
      <Filter>源文件\面向对象模型</Filter>
    </ClCompile>
    <ClCompile Include="1-友员函数.cpp">
      <Filter>源文件\面向对象模型</Filter>
    </ClCompile>
    <ClCompile Include="2-友员类.cpp">
      <Filter>源文件\面向对象模型</Filter>
    </ClCompile>
    <ClCompile Include="3-static关键字强化练习.cpp">
      <Filter>源文件\面向对象模型</Filter>
    </ClCompile>
    <ClCompile Include="Array.cpp">
      <Filter>源文件\练习</Filter>
    </ClCompile>
    <ClCompile Include="Array练习.cpp">
      <Filter>源文件\练习</Filter>
    </ClCompile>
    <ClCompile Include="Complex.cpp">
      <Filter>源文件\运算符重载</Filter>
    </ClCompile>
    <ClCompile Include="=不能重载为友员函数解析.cpp">
      <Filter>源文件\运算符重载</Filter>
    </ClCompile>
    <ClCompile Include="友员函数案例.cpp">
      <Filter>源文件\运算符重载</Filter>
    </ClCompile>
    <ClCompile Include="重载括号.cpp">
      <Filter>源文件\运算符重载</Filter>
    </ClCompile>
    <ClCompile Include="不用重载逻辑与或.cpp">
      <Filter>源文件\运算符重载</Filter>
    </ClCompile>
    <ClCompile Include="MyString.cpp">
      <Filter>源文件\运算符重载</Filter>
    </ClCompile>
    <ClCompile Include="智能指针类.cpp">
      <Filter>源文件\运算符重载</Filter>
    </ClCompile>
    <ClCompile Include="类型兼容性原则.cpp">
      <Filter>源文件\继承</Filter>
    </ClCompile>
    <ClCompile Include="父级构造和析构函数.cpp">
      <Filter>源文件\继承</Filter>
    </ClCompile>
    <ClCompile Include="继承组合混合搭配.cpp">
      <Filter>源文件\继承</Filter>
    </ClCompile>
    <ClCompile Include="访问基类同名成员.cpp">
      <Filter>源文件\继承</Filter>
    </ClCompile>
    <ClCompile Include="static在继承中.cpp">
      <Filter>源文件\继承</Filter>
    </ClCompile>
    <ClCompile Include="继承对访问属性的影响.cpp">
      <Filter>源文件\继承</Filter>
    </ClCompile>
    <ClCompile Include="多继承.cpp">
      <Filter>源文件\继承</Filter>
    </ClCompile>
    <ClCompile Include="虚继承.cpp">
      <Filter>源文件\继承</Filter>
    </ClCompile>
    <ClCompile Include="0-定义和父类相同的函数.cpp">
      <Filter>源文件\多态</Filter>
    </ClCompile>
    <ClCompile Include="1-纯虚函数.cpp">
      <Filter>源文件\多态</Filter>
    </ClCompile>
    <ClCompile Include="0-函数指针.cpp">
      <Filter>源文件\c接口多态</Filter>
    </ClCompile>
    <ClCompile Include="1-函数指针的正向调用.c">
      <Filter>源文件\c接口多态</Filter>
    </ClCompile>
  </ItemGroup>
  <ItemGroup>
    <ClInclude Include="Array.h">
      <Filter>头文件\练习</Filter>
    </ClInclude>
  </ItemGroup>
</Project>